<?xml version="1.0" encoding="utf-8"?>
<Project ToolsVersion="4.0" xmlns="http://schemas.microsoft.com/developer/msbuild/2003">
  <ItemGroup>
    <Filter Include="Source Files">
      <UniqueIdentifier>{4FC737F1-C7A5-4376-A066-2A32D752A2FF}</UniqueIdentifier>
      <Extensions>cpp;c;cc;cxx;c++;cppm;ixx;def;odl;idl;hpj;bat;asm;asmx</Extensions>
    </Filter>
    <Filter Include="Header Files">
      <UniqueIdentifier>{93995380-89BD-4b04-88EB-625FBE52EBFB}</UniqueIdentifier>
      <Extensions>h;hh;hpp;hxx;h++;hm;inl;inc;ipp;xsd</Extensions>
    </Filter>
    <Filter Include="Resource Files">
      <UniqueIdentifier>{67DA6AB6-F800-4c08-8B7A-83BB121AAD01}</UniqueIdentifier>
      <Extensions>rc;ico;cur;bmp;dlg;rc2;rct;bin;rgs;gif;jpg;jpeg;jpe;resx;tiff;tif;png;wav;mfcribbon-ms</Extensions>
    </Filter>
    <Filter Include="Deployment">
      <UniqueIdentifier>{7fa1ef78-8c3a-43a8-9cd4-451e4bcbc4c1}</UniqueIdentifier>
    </Filter>
    <Filter Include="Deployment\Win32">
      <UniqueIdentifier>{9607c6cf-76b8-44ea-a62b-c189acf7359c}</UniqueIdentifier>
    </Filter>
    <Filter Include="Deployment\x64">
      <UniqueIdentifier>{63326104-8aed-4d9a-89f3-a824c98fc298}</UniqueIdentifier>
    </Filter>
    <Filter Include="LuaTests">
      <UniqueIdentifier>{994481b8-f92c-4a31-8707-81edaddfcdc2}</UniqueIdentifier>
    </Filter>
    <Filter Include="Source Files\Exceptions">
      <UniqueIdentifier>{e9715f08-7ac8-4338-9969-1a4ff8573d25}</UniqueIdentifier>
    </Filter>
    <Filter Include="Header Files\Exceptions">
      <UniqueIdentifier>{057de4d9-89ab-4225-bf2b-d894c401e132}</UniqueIdentifier>
    </Filter>
    <Filter Include="Header Files\LuaTestState">
      <UniqueIdentifier>{65cd923a-87a8-40ce-ac50-6c17945f2394}</UniqueIdentifier>
    </Filter>
    <Filter Include="Source Files\LuaTestState">
      <UniqueIdentifier>{85eb989f-27b5-4280-90f3-b40b221cb600}</UniqueIdentifier>
    </Filter>
  </ItemGroup>
  <ItemGroup>
    <ClCompile Include="Tests.cpp">
      <Filter>Source Files</Filter>
    </ClCompile>
    <ClCompile Include="LuaTestState.cpp">
      <Filter>Source Files\LuaTestState</Filter>
    </ClCompile>
  </ItemGroup>
  <ItemGroup>
    <CopyFileToFolders Include="..\Lua_5_1_5\bin\x64\lua.dll">
      <Filter>Deployment\x64</Filter>
    </CopyFileToFolders>
    <CopyFileToFolders Include="..\Lua_5_1_5\bin\Win32\lua.dll">
      <Filter>Deployment\Win32</Filter>
    </CopyFileToFolders>
    <CopyFileToFolders Include="LuaTests\TaskDoFile.lua">
      <Filter>LuaTests</Filter>
    </CopyFileToFolders>
    <CopyFileToFolders Include="LuaTests\TaskDoString.lua">
      <Filter>LuaTests</Filter>
    </CopyFileToFolders>
    <CopyFileToFolders Include="LuaTests\TaskSleep.lua">
      <Filter>LuaTests</Filter>
    </CopyFileToFolders>
    <CopyFileToFolders Include="LuaTests\WorkerStatus.lua">
      <Filter>LuaTests</Filter>
    </CopyFileToFolders>
    <CopyFileToFolders Include="LuaTests\TaskError.lua">
      <Filter>LuaTests</Filter>
    </CopyFileToFolders>
    <CopyFileToFolders Include="LuaTests\Common.lua">
      <Filter>LuaTests</Filter>
    </CopyFileToFolders>
    <CopyFileToFolders Include="LuaTests\TaskInfiniteLoop.lua" />
    <CopyFileToFolders Include="LuaTests\TestDoFile_FileTask.lua" />
    <CopyFileToFolders Include="LuaTests\TestInfiniteLoop_FileTask.lua">
      <Filter>LuaTests</Filter>
    </CopyFileToFolders>
  </ItemGroup>
  <ItemGroup>
    <ClInclude Include="LuaTestState.h">
      <Filter>Header Files\LuaTestState</Filter>
    </ClInclude>
  </ItemGroup>
</Project>