<?xml version="1.0" encoding="utf-8"?>
<Project ToolsVersion="4.0" xmlns="http://schemas.microsoft.com/developer/msbuild/2003">
  <ItemGroup>
    <Filter Include="Source Files">
      <UniqueIdentifier>{4FC737F1-C7A5-4376-A066-2A32D752A2EA}</UniqueIdentifier>
      <Extensions>cpp;c;cc;cxx;c++;cppm;ixx;def;odl;idl;hpj;bat;asm;asmx</Extensions>
    </Filter>
    <Filter Include="Header Files">
      <UniqueIdentifier>{93995380-89BD-4b04-88EB-625FBE52EBFA}</UniqueIdentifier>
      <Extensions>h;hh;hpp;hxx;h++;hm;inl;inc;ipp;xsd</Extensions>
    </Filter>
    <Filter Include="Resource Files">
      <UniqueIdentifier>{67DA6AB6-F800-4c08-8B7A-83BB121AAD01}</UniqueIdentifier>
      <Extensions>rc;ico;cur;bmp;dlg;rc2;rct;bin;rgs;gif;jpg;jpeg;jpe;resx;tiff;tif;png;wav;mfcribbon-ms</Extensions>
    </Filter>
    <Filter Include="Header Files\LuaInterface">
      <UniqueIdentifier>{0ca0cbdc-bb4a-44af-9983-a4094aa31284}</UniqueIdentifier>
    </Filter>
    <Filter Include="Header Files\Tasks">
      <UniqueIdentifier>{f0cda89a-d91a-4cec-9bb1-0210c0a5254c}</UniqueIdentifier>
    </Filter>
    <Filter Include="Header Files\Logging">
      <UniqueIdentifier>{9afb407e-aa51-405d-8a57-3149f1b64393}</UniqueIdentifier>
    </Filter>
    <Filter Include="Source Files\LuaInterface">
      <UniqueIdentifier>{266fa7f2-66d3-4a11-be4a-ff25d11f5e0b}</UniqueIdentifier>
    </Filter>
    <Filter Include="Source Files\Logging">
      <UniqueIdentifier>{1ba4eb3d-0733-43fb-84d6-96cbd2ae9aed}</UniqueIdentifier>
    </Filter>
    <Filter Include="Source Files\Tasks">
      <UniqueIdentifier>{e8bf7a07-df8a-446e-b2a8-2370802525f7}</UniqueIdentifier>
    </Filter>
    <Filter Include="Header Files\Interfaces">
      <UniqueIdentifier>{79715bab-dc10-4fe9-9f86-b5ba6da23dc2}</UniqueIdentifier>
    </Filter>
    <Filter Include="Header Files\Exceptions">
      <UniqueIdentifier>{0ea9a9bc-f363-424a-a380-8cabf6156f1b}</UniqueIdentifier>
    </Filter>
    <Filter Include="Source Files\Exceptions">
      <UniqueIdentifier>{4bc10a93-6a64-420f-b253-54a8dcbc25b8}</UniqueIdentifier>
    </Filter>
    <Filter Include="Header Files\General">
      <UniqueIdentifier>{4b2a271a-4273-443b-9697-df75237efd88}</UniqueIdentifier>
    </Filter>
  </ItemGroup>
  <ItemGroup>
    <ClInclude Include="Task.h">
      <Filter>Header Files</Filter>
    </ClInclude>
    <ClInclude Include="Worker.h">
      <Filter>Header Files</Filter>
    </ClInclude>
    <ClInclude Include="TaskLuaInterface.h">
      <Filter>Header Files\LuaInterface</Filter>
    </ClInclude>
    <ClInclude Include="WorkerLuaInterface.h">
      <Filter>Header Files\LuaInterface</Filter>
    </ClInclude>
    <ClInclude Include="TaskDoFile.h">
      <Filter>Header Files\Tasks</Filter>
    </ClInclude>
    <ClInclude Include="TaskDoString.h">
      <Filter>Header Files\Tasks</Filter>
    </ClInclude>
    <ClInclude Include="LogStack.h">
      <Filter>Header Files\Logging</Filter>
    </ClInclude>
    <ClInclude Include="LogItem.h">
      <Filter>Header Files\Logging</Filter>
    </ClInclude>
    <ClInclude Include="LogSection.h">
      <Filter>Header Files\Logging</Filter>
    </ClInclude>
    <ClInclude Include="Cancelable.h">
      <Filter>Header Files\Interfaces</Filter>
    </ClInclude>
    <ClInclude Include="LuaCancellationException.h">
      <Filter>Header Files\Exceptions</Filter>
    </ClInclude>
    <ClInclude Include="TaskDoSleep.h">
      <Filter>Header Files\Tasks</Filter>
    </ClInclude>
    <ClInclude Include="LogLevel.h">
      <Filter>Header Files\Logging</Filter>
    </ClInclude>
    <ClInclude Include="LogOutput.h">
      <Filter>Header Files\Logging</Filter>
    </ClInclude>
    <ClInclude Include="InnerLuaState.h">
      <Filter>Header Files\LuaInterface</Filter>
    </ClInclude>
    <ClInclude Include="AutoKeyMap.h">
      <Filter>Header Files\General</Filter>
    </ClInclude>
    <ClInclude Include="TaskResumeToken.h">
      <Filter>Header Files\General</Filter>
    </ClInclude>
    <ClInclude Include="AutoKeyLess.h">
      <Filter>Header Files\General</Filter>
    </ClInclude>
    <ClInclude Include="AutoKeyDeck.h">
      <Filter>Header Files\General</Filter>
    </ClInclude>
    <ClInclude Include="AutoKey.h">
      <Filter>Header Files\General</Filter>
    </ClInclude>
    <ClInclude Include="AutoKeyDeckCard.h">
      <Filter>Header Files\General</Filter>
    </ClInclude>
  </ItemGroup>
  <ItemGroup>
    <ClCompile Include="dllmain.cpp">
      <Filter>Source Files</Filter>
    </ClCompile>
    <ClCompile Include="Task.cpp">
      <Filter>Source Files</Filter>
    </ClCompile>
    <ClCompile Include="Worker.cpp">
      <Filter>Source Files</Filter>
    </ClCompile>
    <ClCompile Include="TaskLuaInterface.cpp">
      <Filter>Source Files\LuaInterface</Filter>
    </ClCompile>
    <ClCompile Include="WorkerLuaInterface.cpp">
      <Filter>Source Files\LuaInterface</Filter>
    </ClCompile>
    <ClCompile Include="TaskDoFile.cpp">
      <Filter>Source Files\Tasks</Filter>
    </ClCompile>
    <ClCompile Include="TaskDoString.cpp">
      <Filter>Source Files\Tasks</Filter>
    </ClCompile>
    <ClCompile Include="LogStack.cpp">
      <Filter>Source Files\Logging</Filter>
    </ClCompile>
    <ClCompile Include="LogItem.cpp">
      <Filter>Source Files\Logging</Filter>
    </ClCompile>
    <ClCompile Include="LogSection.cpp">
      <Filter>Source Files\Logging</Filter>
    </ClCompile>
    <ClCompile Include="LuaCancellationException.cpp">
      <Filter>Source Files\Exceptions</Filter>
    </ClCompile>
    <ClCompile Include="TaskDoSleep.cpp">
      <Filter>Source Files\Tasks</Filter>
    </ClCompile>
    <ClCompile Include="InnerLuaState.cpp">
      <Filter>Source Files\LuaInterface</Filter>
    </ClCompile>
    <ClCompile Include="SortedDeck.h">
      <Filter>Header Files\General</Filter>
    </ClCompile>
    <ClCompile Include="DeckCard.h">
      <Filter>Header Files\General</Filter>
    </ClCompile>
  </ItemGroup>
  <ItemGroup>
    <None Include="exports.def">
      <Filter>Source Files</Filter>
    </None>
  </ItemGroup>
</Project>